// !$*UTF8*$!
{
	archiveVersion = 1;
	classes = {
	};
	objectVersion = 55;
	objects = {

/* Begin PBXBuildFile section */
		E20C30C427F1EA8200CB7D3B /* UIImage+Ext.swift in Sources */ = {isa = PBXBuildFile; fileRef = E20C30C327F1EA8200CB7D3B /* UIImage+Ext.swift */; };
		E20C30C627F1EE1400CB7D3B /* Status.swift in Sources */ = {isa = PBXBuildFile; fileRef = E20C30C527F1EE1400CB7D3B /* Status.swift */; };
		E20C30CC27F1EFE000CB7D3B /* StatusRouter.swift in Sources */ = {isa = PBXBuildFile; fileRef = E20C30C827F1EFE000CB7D3B /* StatusRouter.swift */; };
		E20C30CD27F1EFE000CB7D3B /* StatusViewController.swift in Sources */ = {isa = PBXBuildFile; fileRef = E20C30C927F1EFE000CB7D3B /* StatusViewController.swift */; };
		E20C30CE27F1EFE000CB7D3B /* StatusViewModel.swift in Sources */ = {isa = PBXBuildFile; fileRef = E20C30CA27F1EFE000CB7D3B /* StatusViewModel.swift */; };
		E20C30CF27F1EFE000CB7D3B /* StatusViewController.xib in Resources */ = {isa = PBXBuildFile; fileRef = E20C30CB27F1EFE000CB7D3B /* StatusViewController.xib */; };
		E239E7ED27ECC1F300D13428 /* FileStorage.swift in Sources */ = {isa = PBXBuildFile; fileRef = E239E7EC27ECC1F300D13428 /* FileStorage.swift */; };
		E239E7EF27ECDEB500D13428 /* String+Ext.swift in Sources */ = {isa = PBXBuildFile; fileRef = E239E7EE27ECDEB500D13428 /* String+Ext.swift */; };
		E2441A7F27E9E22B00A1D34E /* HUDMessageType.swift in Sources */ = {isa = PBXBuildFile; fileRef = E2441A7E27E9E22B00A1D34E /* HUDMessageType.swift */; };
		E2441A8527EA075300A1D34E /* MainRouter.swift in Sources */ = {isa = PBXBuildFile; fileRef = E2441A8127EA075300A1D34E /* MainRouter.swift */; };
		E2441A8627EA075300A1D34E /* MainViewController.swift in Sources */ = {isa = PBXBuildFile; fileRef = E2441A8227EA075300A1D34E /* MainViewController.swift */; };
		E2441A8727EA075300A1D34E /* MainViewModel.swift in Sources */ = {isa = PBXBuildFile; fileRef = E2441A8327EA075300A1D34E /* MainViewModel.swift */; };
		E2441A8827EA075300A1D34E /* MainViewController.xib in Resources */ = {isa = PBXBuildFile; fileRef = E2441A8427EA075300A1D34E /* MainViewController.xib */; };
		E244ECD627EAEF25007724C8 /* ChatListRouter.swift in Sources */ = {isa = PBXBuildFile; fileRef = E244ECD227EAEF25007724C8 /* ChatListRouter.swift */; };
		E244ECD727EAEF25007724C8 /* ChatListViewController.swift in Sources */ = {isa = PBXBuildFile; fileRef = E244ECD327EAEF25007724C8 /* ChatListViewController.swift */; };
		E244ECD827EAEF25007724C8 /* ChatListViewModel.swift in Sources */ = {isa = PBXBuildFile; fileRef = E244ECD427EAEF25007724C8 /* ChatListViewModel.swift */; };
		E244ECD927EAEF25007724C8 /* ChatListViewController.xib in Resources */ = {isa = PBXBuildFile; fileRef = E244ECD527EAEF25007724C8 /* ChatListViewController.xib */; };
		E244ECDE27EAEF40007724C8 /* ChannelListRouter.swift in Sources */ = {isa = PBXBuildFile; fileRef = E244ECDA27EAEF40007724C8 /* ChannelListRouter.swift */; };
		E244ECDF27EAEF40007724C8 /* ChannelListViewController.swift in Sources */ = {isa = PBXBuildFile; fileRef = E244ECDB27EAEF40007724C8 /* ChannelListViewController.swift */; };
		E244ECE027EAEF40007724C8 /* ChannelListViewModel.swift in Sources */ = {isa = PBXBuildFile; fileRef = E244ECDC27EAEF40007724C8 /* ChannelListViewModel.swift */; };
		E244ECE127EAEF40007724C8 /* ChannelListViewController.xib in Resources */ = {isa = PBXBuildFile; fileRef = E244ECDD27EAEF40007724C8 /* ChannelListViewController.xib */; };
		E244ECE627EAEF4D007724C8 /* UserListRouter.swift in Sources */ = {isa = PBXBuildFile; fileRef = E244ECE227EAEF4D007724C8 /* UserListRouter.swift */; };
		E244ECE727EAEF4D007724C8 /* UserListViewController.swift in Sources */ = {isa = PBXBuildFile; fileRef = E244ECE327EAEF4D007724C8 /* UserListViewController.swift */; };
		E244ECE827EAEF4D007724C8 /* UserListViewModel.swift in Sources */ = {isa = PBXBuildFile; fileRef = E244ECE427EAEF4D007724C8 /* UserListViewModel.swift */; };
		E244ECE927EAEF4D007724C8 /* UserListViewController.xib in Resources */ = {isa = PBXBuildFile; fileRef = E244ECE527EAEF4D007724C8 /* UserListViewController.xib */; };
		E244ECEE27EAEF5B007724C8 /* SettingsRouter.swift in Sources */ = {isa = PBXBuildFile; fileRef = E244ECEA27EAEF5B007724C8 /* SettingsRouter.swift */; };
		E244ECEF27EAEF5B007724C8 /* SettingsViewController.swift in Sources */ = {isa = PBXBuildFile; fileRef = E244ECEB27EAEF5B007724C8 /* SettingsViewController.swift */; };
		E244ECF027EAEF5B007724C8 /* SettingsViewModel.swift in Sources */ = {isa = PBXBuildFile; fileRef = E244ECEC27EAEF5B007724C8 /* SettingsViewModel.swift */; };
		E244ECF127EAEF5B007724C8 /* SettingsViewController.xib in Resources */ = {isa = PBXBuildFile; fileRef = E244ECED27EAEF5B007724C8 /* SettingsViewController.xib */; };
		E244ECFF27EB3CD1007724C8 /* SettingsHeaderCell.swift in Sources */ = {isa = PBXBuildFile; fileRef = E244ECFD27EB3CD1007724C8 /* SettingsHeaderCell.swift */; };
		E244ED0027EB3CD1007724C8 /* SettingsHeaderCell.xib in Resources */ = {isa = PBXBuildFile; fileRef = E244ECFE27EB3CD1007724C8 /* SettingsHeaderCell.xib */; };
		E244ED0327EB41DB007724C8 /* SettingsButtonCell.swift in Sources */ = {isa = PBXBuildFile; fileRef = E244ED0127EB41DA007724C8 /* SettingsButtonCell.swift */; };
		E244ED0427EB41DB007724C8 /* SettingsButtonCell.xib in Resources */ = {isa = PBXBuildFile; fileRef = E244ED0227EB41DA007724C8 /* SettingsButtonCell.xib */; };
		E244ED0727EB41F0007724C8 /* SettingsLogOutCell.swift in Sources */ = {isa = PBXBuildFile; fileRef = E244ED0527EB41F0007724C8 /* SettingsLogOutCell.swift */; };
		E244ED0827EB41F0007724C8 /* SettingsLogOutCell.xib in Resources */ = {isa = PBXBuildFile; fileRef = E244ED0627EB41F0007724C8 /* SettingsLogOutCell.xib */; };
		E244ED0B27EB44C3007724C8 /* UIView+Ext.swift in Sources */ = {isa = PBXBuildFile; fileRef = E244ED0A27EB44C3007724C8 /* UIView+Ext.swift */; };
		E244ED0E27EB46B1007724C8 /* SettingsTextCell.swift in Sources */ = {isa = PBXBuildFile; fileRef = E244ED0C27EB46B1007724C8 /* SettingsTextCell.swift */; };
		E244ED0F27EB46B2007724C8 /* SettingsTextCell.xib in Resources */ = {isa = PBXBuildFile; fileRef = E244ED0D27EB46B1007724C8 /* SettingsTextCell.xib */; };
		E248F91D27EB743E006C0B70 /* Pods_WannaChat.framework in Frameworks */ = {isa = PBXBuildFile; fileRef = 63F00507411AAD4ABEDC127F /* Pods_WannaChat.framework */; };
		E248F92127EBA3F9006C0B70 /* UIApplication+Ext.swift in Sources */ = {isa = PBXBuildFile; fileRef = E248F92027EBA3F9006C0B70 /* UIApplication+Ext.swift */; };
		E248F92727EBA5E0006C0B70 /* EditProfileRouter.swift in Sources */ = {isa = PBXBuildFile; fileRef = E248F92327EBA5E0006C0B70 /* EditProfileRouter.swift */; };
		E248F92827EBA5E0006C0B70 /* EditProfileViewController.swift in Sources */ = {isa = PBXBuildFile; fileRef = E248F92427EBA5E0006C0B70 /* EditProfileViewController.swift */; };
		E248F92927EBA5E0006C0B70 /* EditProfileViewModel.swift in Sources */ = {isa = PBXBuildFile; fileRef = E248F92527EBA5E0006C0B70 /* EditProfileViewModel.swift */; };
		E248F92A27EBA5E0006C0B70 /* EditProfileViewController.xib in Resources */ = {isa = PBXBuildFile; fileRef = E248F92627EBA5E0006C0B70 /* EditProfileViewController.xib */; };
		E248F92F27EBA869006C0B70 /* EditProfileHeaderCell.swift in Sources */ = {isa = PBXBuildFile; fileRef = E248F92D27EBA869006C0B70 /* EditProfileHeaderCell.swift */; };
		E248F93027EBA869006C0B70 /* EditProfileHeaderCell.xib in Resources */ = {isa = PBXBuildFile; fileRef = E248F92E27EBA869006C0B70 /* EditProfileHeaderCell.xib */; };
		E24B15AA27F45F0C00CD351D /* ProfileRouter.swift in Sources */ = {isa = PBXBuildFile; fileRef = E24B15A627F45F0C00CD351D /* ProfileRouter.swift */; };
		E24B15AB27F45F0C00CD351D /* ProfileViewController.swift in Sources */ = {isa = PBXBuildFile; fileRef = E24B15A727F45F0C00CD351D /* ProfileViewController.swift */; };
		E24B15AC27F45F0C00CD351D /* ProfileViewModel.swift in Sources */ = {isa = PBXBuildFile; fileRef = E24B15A827F45F0C00CD351D /* ProfileViewModel.swift */; };
		E24B15AD27F45F0C00CD351D /* ProfileViewController.xib in Resources */ = {isa = PBXBuildFile; fileRef = E24B15A927F45F0C00CD351D /* ProfileViewController.xib */; };
		E24B15B127F461F100CD351D /* ProfileHeaderCell.swift in Sources */ = {isa = PBXBuildFile; fileRef = E24B15AF27F461F100CD351D /* ProfileHeaderCell.swift */; };
		E24B15B227F461F100CD351D /* ProfileHeaderCell.xib in Resources */ = {isa = PBXBuildFile; fileRef = E24B15B027F461F100CD351D /* ProfileHeaderCell.xib */; };
		E24B15B527F468AF00CD351D /* ProfileSectionType.swift in Sources */ = {isa = PBXBuildFile; fileRef = E24B15B427F468AF00CD351D /* ProfileSectionType.swift */; };
		E24B15B727F468CE00CD351D /* ProfileHeaderType.swift in Sources */ = {isa = PBXBuildFile; fileRef = E24B15B627F468CE00CD351D /* ProfileHeaderType.swift */; };
		E24B15B927F469E400CD351D /* ProfileTextType.swift in Sources */ = {isa = PBXBuildFile; fileRef = E24B15B827F469E400CD351D /* ProfileTextType.swift */; };
		E258D8DB27EC45BC0084C743 /* EditProfileTextFieldCell.swift in Sources */ = {isa = PBXBuildFile; fileRef = E258D8D927EC45BC0084C743 /* EditProfileTextFieldCell.swift */; };
		E258D8DC27EC45BC0084C743 /* EditProfileTextFieldCell.xib in Resources */ = {isa = PBXBuildFile; fileRef = E258D8DA27EC45BC0084C743 /* EditProfileTextFieldCell.xib */; };
		E258D8E027EC48F60084C743 /* EditProfileSectionType.swift in Sources */ = {isa = PBXBuildFile; fileRef = E258D8DF27EC48F60084C743 /* EditProfileSectionType.swift */; };
		E258D8E227EC490A0084C743 /* EditProfileHeaderType.swift in Sources */ = {isa = PBXBuildFile; fileRef = E258D8E127EC490A0084C743 /* EditProfileHeaderType.swift */; };
		E258D8E427EC49170084C743 /* EditProfileTextType.swift in Sources */ = {isa = PBXBuildFile; fileRef = E258D8E327EC49170084C743 /* EditProfileTextType.swift */; };
		E25A152D27E8567900AD4E12 /* FCollectionReference.swift in Sources */ = {isa = PBXBuildFile; fileRef = E25A152C27E8567900AD4E12 /* FCollectionReference.swift */; };
		E25A153027E8578100AD4E12 /* FirebaseUserListener.swift in Sources */ = {isa = PBXBuildFile; fileRef = E25A152F27E8578100AD4E12 /* FirebaseUserListener.swift */; };
		E264981627E4C669009D28B3 /* AppDelegate.swift in Sources */ = {isa = PBXBuildFile; fileRef = E264981527E4C669009D28B3 /* AppDelegate.swift */; };
		E264981827E4C669009D28B3 /* SceneDelegate.swift in Sources */ = {isa = PBXBuildFile; fileRef = E264981727E4C669009D28B3 /* SceneDelegate.swift */; };
		E264981F27E4C66B009D28B3 /* Assets.xcassets in Resources */ = {isa = PBXBuildFile; fileRef = E264981E27E4C66B009D28B3 /* Assets.xcassets */; };
		E264982227E4C66B009D28B3 /* LaunchScreen.storyboard in Resources */ = {isa = PBXBuildFile; fileRef = E264982027E4C66B009D28B3 /* LaunchScreen.storyboard */; };
		E264982A27E4C9C1009D28B3 /* GoogleService-Info.plist in Resources */ = {isa = PBXBuildFile; fileRef = E264982927E4C9C0009D28B3 /* GoogleService-Info.plist */; };
		E264983227E4D17F009D28B3 /* AuthRouter.swift in Sources */ = {isa = PBXBuildFile; fileRef = E264982E27E4D17E009D28B3 /* AuthRouter.swift */; };
		E264983327E4D17F009D28B3 /* AuthViewController.swift in Sources */ = {isa = PBXBuildFile; fileRef = E264982F27E4D17E009D28B3 /* AuthViewController.swift */; };
		E264983427E4D17F009D28B3 /* AuthViewModel.swift in Sources */ = {isa = PBXBuildFile; fileRef = E264983027E4D17E009D28B3 /* AuthViewModel.swift */; };
		E264983527E4D17F009D28B3 /* AuthViewController.xib in Resources */ = {isa = PBXBuildFile; fileRef = E264983127E4D17E009D28B3 /* AuthViewController.xib */; };
		E264983B27E508F6009D28B3 /* User.swift in Sources */ = {isa = PBXBuildFile; fileRef = E264983A27E508F6009D28B3 /* User.swift */; };
		E264983E27E50C0C009D28B3 /* Constants.swift in Sources */ = {isa = PBXBuildFile; fileRef = E264983D27E50C0C009D28B3 /* Constants.swift */; };
		E2771027285E02700094A1DA /* RecentChat.swift in Sources */ = {isa = PBXBuildFile; fileRef = E2771026285E02700094A1DA /* RecentChat.swift */; };
		E277102D285E07190094A1DA /* ChatCell.swift in Sources */ = {isa = PBXBuildFile; fileRef = E277102B285E07190094A1DA /* ChatCell.swift */; };
		E277102E285E07190094A1DA /* ChatCell.xib in Resources */ = {isa = PBXBuildFile; fileRef = E277102C285E07190094A1DA /* ChatCell.xib */; };
		E2771030285E0D210094A1DA /* Date+Ext.swift in Sources */ = {isa = PBXBuildFile; fileRef = E277102F285E0D210094A1DA /* Date+Ext.swift */; };
		E2771032285E186F0094A1DA /* StartChat.swift in Sources */ = {isa = PBXBuildFile; fileRef = E2771031285E186F0094A1DA /* StartChat.swift */; };
		E2771034285E1A830094A1DA /* FirebaseRecentChatListener.swift in Sources */ = {isa = PBXBuildFile; fileRef = E2771033285E1A830094A1DA /* FirebaseRecentChatListener.swift */; };
		E2B1C9EB27EB493800148566 /* SettingsSectionType.swift in Sources */ = {isa = PBXBuildFile; fileRef = E2B1C9EA27EB493800148566 /* SettingsSectionType.swift */; };
		E2B1C9ED27EB595D00148566 /* SettingsHeaderType.swift in Sources */ = {isa = PBXBuildFile; fileRef = E2B1C9EC27EB595D00148566 /* SettingsHeaderType.swift */; };
		E2B1C9EF27EB596C00148566 /* SettingsButtonType.swift in Sources */ = {isa = PBXBuildFile; fileRef = E2B1C9EE27EB596C00148566 /* SettingsButtonType.swift */; };
		E2B1C9F127EB598000148566 /* SettingsTextType.swift in Sources */ = {isa = PBXBuildFile; fileRef = E2B1C9F027EB598000148566 /* SettingsTextType.swift */; };
		E2B1C9F327EB6D0400148566 /* UIViewController+Ext.swift in Sources */ = {isa = PBXBuildFile; fileRef = E2B1C9F227EB6D0400148566 /* UIViewController+Ext.swift */; };
		E2B1C9F527EB6E6600148566 /* UIColor+Ext.swift in Sources */ = {isa = PBXBuildFile; fileRef = E2B1C9F427EB6E6600148566 /* UIColor+Ext.swift */; };
/* End PBXBuildFile section */

/* Begin PBXFileReference section */
		428D9C8BC3FE1A61C33652E0 /* Pods-WannaChat.debug.xcconfig */ = {isa = PBXFileReference; includeInIndex = 1; lastKnownFileType = text.xcconfig; name = "Pods-WannaChat.debug.xcconfig"; path = "Target Support Files/Pods-WannaChat/Pods-WannaChat.debug.xcconfig"; sourceTree = "<group>"; };
		63F00507411AAD4ABEDC127F /* Pods_WannaChat.framework */ = {isa = PBXFileReference; explicitFileType = wrapper.framework; includeInIndex = 0; path = Pods_WannaChat.framework; sourceTree = BUILT_PRODUCTS_DIR; };
		C306481ABB92B4E6508F5ED2 /* Pods-WannaChat.release.xcconfig */ = {isa = PBXFileReference; includeInIndex = 1; lastKnownFileType = text.xcconfig; name = "Pods-WannaChat.release.xcconfig"; path = "Target Support Files/Pods-WannaChat/Pods-WannaChat.release.xcconfig"; sourceTree = "<group>"; };
		E20C30C327F1EA8200CB7D3B /* UIImage+Ext.swift */ = {isa = PBXFileReference; lastKnownFileType = sourcecode.swift; path = "UIImage+Ext.swift"; sourceTree = "<group>"; };
		E20C30C527F1EE1400CB7D3B /* Status.swift */ = {isa = PBXFileReference; lastKnownFileType = sourcecode.swift; path = Status.swift; sourceTree = "<group>"; };
		E20C30C827F1EFE000CB7D3B /* StatusRouter.swift */ = {isa = PBXFileReference; lastKnownFileType = sourcecode.swift; path = StatusRouter.swift; sourceTree = "<group>"; };
		E20C30C927F1EFE000CB7D3B /* StatusViewController.swift */ = {isa = PBXFileReference; lastKnownFileType = sourcecode.swift; path = StatusViewController.swift; sourceTree = "<group>"; };
		E20C30CA27F1EFE000CB7D3B /* StatusViewModel.swift */ = {isa = PBXFileReference; lastKnownFileType = sourcecode.swift; path = StatusViewModel.swift; sourceTree = "<group>"; };
		E20C30CB27F1EFE000CB7D3B /* StatusViewController.xib */ = {isa = PBXFileReference; lastKnownFileType = file.xib; path = StatusViewController.xib; sourceTree = "<group>"; };
		E239E7EC27ECC1F300D13428 /* FileStorage.swift */ = {isa = PBXFileReference; lastKnownFileType = sourcecode.swift; path = FileStorage.swift; sourceTree = "<group>"; };
		E239E7EE27ECDEB500D13428 /* String+Ext.swift */ = {isa = PBXFileReference; lastKnownFileType = sourcecode.swift; path = "String+Ext.swift"; sourceTree = "<group>"; };
		E2441A7E27E9E22B00A1D34E /* HUDMessageType.swift */ = {isa = PBXFileReference; lastKnownFileType = sourcecode.swift; path = HUDMessageType.swift; sourceTree = "<group>"; };
		E2441A8127EA075300A1D34E /* MainRouter.swift */ = {isa = PBXFileReference; lastKnownFileType = sourcecode.swift; path = MainRouter.swift; sourceTree = "<group>"; };
		E2441A8227EA075300A1D34E /* MainViewController.swift */ = {isa = PBXFileReference; lastKnownFileType = sourcecode.swift; path = MainViewController.swift; sourceTree = "<group>"; };
		E2441A8327EA075300A1D34E /* MainViewModel.swift */ = {isa = PBXFileReference; lastKnownFileType = sourcecode.swift; path = MainViewModel.swift; sourceTree = "<group>"; };
		E2441A8427EA075300A1D34E /* MainViewController.xib */ = {isa = PBXFileReference; lastKnownFileType = file.xib; path = MainViewController.xib; sourceTree = "<group>"; };
		E244ECD227EAEF25007724C8 /* ChatListRouter.swift */ = {isa = PBXFileReference; lastKnownFileType = sourcecode.swift; path = ChatListRouter.swift; sourceTree = "<group>"; };
		E244ECD327EAEF25007724C8 /* ChatListViewController.swift */ = {isa = PBXFileReference; lastKnownFileType = sourcecode.swift; path = ChatListViewController.swift; sourceTree = "<group>"; };
		E244ECD427EAEF25007724C8 /* ChatListViewModel.swift */ = {isa = PBXFileReference; lastKnownFileType = sourcecode.swift; path = ChatListViewModel.swift; sourceTree = "<group>"; };
		E244ECD527EAEF25007724C8 /* ChatListViewController.xib */ = {isa = PBXFileReference; lastKnownFileType = file.xib; path = ChatListViewController.xib; sourceTree = "<group>"; };
		E244ECDA27EAEF40007724C8 /* ChannelListRouter.swift */ = {isa = PBXFileReference; lastKnownFileType = sourcecode.swift; path = ChannelListRouter.swift; sourceTree = "<group>"; };
		E244ECDB27EAEF40007724C8 /* ChannelListViewController.swift */ = {isa = PBXFileReference; lastKnownFileType = sourcecode.swift; path = ChannelListViewController.swift; sourceTree = "<group>"; };
		E244ECDC27EAEF40007724C8 /* ChannelListViewModel.swift */ = {isa = PBXFileReference; lastKnownFileType = sourcecode.swift; path = ChannelListViewModel.swift; sourceTree = "<group>"; };
		E244ECDD27EAEF40007724C8 /* ChannelListViewController.xib */ = {isa = PBXFileReference; lastKnownFileType = file.xib; path = ChannelListViewController.xib; sourceTree = "<group>"; };
		E244ECE227EAEF4D007724C8 /* UserListRouter.swift */ = {isa = PBXFileReference; lastKnownFileType = sourcecode.swift; path = UserListRouter.swift; sourceTree = "<group>"; };
		E244ECE327EAEF4D007724C8 /* UserListViewController.swift */ = {isa = PBXFileReference; lastKnownFileType = sourcecode.swift; path = UserListViewController.swift; sourceTree = "<group>"; };
		E244ECE427EAEF4D007724C8 /* UserListViewModel.swift */ = {isa = PBXFileReference; lastKnownFileType = sourcecode.swift; path = UserListViewModel.swift; sourceTree = "<group>"; };
		E244ECE527EAEF4D007724C8 /* UserListViewController.xib */ = {isa = PBXFileReference; lastKnownFileType = file.xib; path = UserListViewController.xib; sourceTree = "<group>"; };
		E244ECEA27EAEF5B007724C8 /* SettingsRouter.swift */ = {isa = PBXFileReference; lastKnownFileType = sourcecode.swift; path = SettingsRouter.swift; sourceTree = "<group>"; };
		E244ECEB27EAEF5B007724C8 /* SettingsViewController.swift */ = {isa = PBXFileReference; lastKnownFileType = sourcecode.swift; path = SettingsViewController.swift; sourceTree = "<group>"; };
		E244ECEC27EAEF5B007724C8 /* SettingsViewModel.swift */ = {isa = PBXFileReference; lastKnownFileType = sourcecode.swift; path = SettingsViewModel.swift; sourceTree = "<group>"; };
		E244ECED27EAEF5B007724C8 /* SettingsViewController.xib */ = {isa = PBXFileReference; lastKnownFileType = file.xib; path = SettingsViewController.xib; sourceTree = "<group>"; };
		E244ECFD27EB3CD1007724C8 /* SettingsHeaderCell.swift */ = {isa = PBXFileReference; lastKnownFileType = sourcecode.swift; path = SettingsHeaderCell.swift; sourceTree = "<group>"; };
		E244ECFE27EB3CD1007724C8 /* SettingsHeaderCell.xib */ = {isa = PBXFileReference; lastKnownFileType = file.xib; path = SettingsHeaderCell.xib; sourceTree = "<group>"; };
		E244ED0127EB41DA007724C8 /* SettingsButtonCell.swift */ = {isa = PBXFileReference; lastKnownFileType = sourcecode.swift; path = SettingsButtonCell.swift; sourceTree = "<group>"; };
		E244ED0227EB41DA007724C8 /* SettingsButtonCell.xib */ = {isa = PBXFileReference; lastKnownFileType = file.xib; path = SettingsButtonCell.xib; sourceTree = "<group>"; };
		E244ED0527EB41F0007724C8 /* SettingsLogOutCell.swift */ = {isa = PBXFileReference; lastKnownFileType = sourcecode.swift; path = SettingsLogOutCell.swift; sourceTree = "<group>"; };
		E244ED0627EB41F0007724C8 /* SettingsLogOutCell.xib */ = {isa = PBXFileReference; lastKnownFileType = file.xib; path = SettingsLogOutCell.xib; sourceTree = "<group>"; };
		E244ED0A27EB44C3007724C8 /* UIView+Ext.swift */ = {isa = PBXFileReference; lastKnownFileType = sourcecode.swift; path = "UIView+Ext.swift"; sourceTree = "<group>"; };
		E244ED0C27EB46B1007724C8 /* SettingsTextCell.swift */ = {isa = PBXFileReference; lastKnownFileType = sourcecode.swift; path = SettingsTextCell.swift; sourceTree = "<group>"; };
		E244ED0D27EB46B1007724C8 /* SettingsTextCell.xib */ = {isa = PBXFileReference; lastKnownFileType = file.xib; path = SettingsTextCell.xib; sourceTree = "<group>"; };
		E248F92027EBA3F9006C0B70 /* UIApplication+Ext.swift */ = {isa = PBXFileReference; lastKnownFileType = sourcecode.swift; path = "UIApplication+Ext.swift"; sourceTree = "<group>"; };
		E248F92327EBA5E0006C0B70 /* EditProfileRouter.swift */ = {isa = PBXFileReference; lastKnownFileType = sourcecode.swift; path = EditProfileRouter.swift; sourceTree = "<group>"; };
		E248F92427EBA5E0006C0B70 /* EditProfileViewController.swift */ = {isa = PBXFileReference; lastKnownFileType = sourcecode.swift; path = EditProfileViewController.swift; sourceTree = "<group>"; };
		E248F92527EBA5E0006C0B70 /* EditProfileViewModel.swift */ = {isa = PBXFileReference; lastKnownFileType = sourcecode.swift; path = EditProfileViewModel.swift; sourceTree = "<group>"; };
		E248F92627EBA5E0006C0B70 /* EditProfileViewController.xib */ = {isa = PBXFileReference; lastKnownFileType = file.xib; path = EditProfileViewController.xib; sourceTree = "<group>"; };
		E248F92D27EBA869006C0B70 /* EditProfileHeaderCell.swift */ = {isa = PBXFileReference; lastKnownFileType = sourcecode.swift; path = EditProfileHeaderCell.swift; sourceTree = "<group>"; };
		E248F92E27EBA869006C0B70 /* EditProfileHeaderCell.xib */ = {isa = PBXFileReference; lastKnownFileType = file.xib; path = EditProfileHeaderCell.xib; sourceTree = "<group>"; };
		E24B15A627F45F0C00CD351D /* ProfileRouter.swift */ = {isa = PBXFileReference; lastKnownFileType = sourcecode.swift; path = ProfileRouter.swift; sourceTree = "<group>"; };
		E24B15A727F45F0C00CD351D /* ProfileViewController.swift */ = {isa = PBXFileReference; lastKnownFileType = sourcecode.swift; path = ProfileViewController.swift; sourceTree = "<group>"; };
		E24B15A827F45F0C00CD351D /* ProfileViewModel.swift */ = {isa = PBXFileReference; lastKnownFileType = sourcecode.swift; path = ProfileViewModel.swift; sourceTree = "<group>"; };
		E24B15A927F45F0C00CD351D /* ProfileViewController.xib */ = {isa = PBXFileReference; lastKnownFileType = file.xib; path = ProfileViewController.xib; sourceTree = "<group>"; };
		E24B15AF27F461F100CD351D /* ProfileHeaderCell.swift */ = {isa = PBXFileReference; lastKnownFileType = sourcecode.swift; path = ProfileHeaderCell.swift; sourceTree = "<group>"; };
		E24B15B027F461F100CD351D /* ProfileHeaderCell.xib */ = {isa = PBXFileReference; lastKnownFileType = file.xib; path = ProfileHeaderCell.xib; sourceTree = "<group>"; };
		E24B15B427F468AF00CD351D /* ProfileSectionType.swift */ = {isa = PBXFileReference; lastKnownFileType = sourcecode.swift; path = ProfileSectionType.swift; sourceTree = "<group>"; };
		E24B15B627F468CE00CD351D /* ProfileHeaderType.swift */ = {isa = PBXFileReference; lastKnownFileType = sourcecode.swift; path = ProfileHeaderType.swift; sourceTree = "<group>"; };
		E24B15B827F469E400CD351D /* ProfileTextType.swift */ = {isa = PBXFileReference; lastKnownFileType = sourcecode.swift; path = ProfileTextType.swift; sourceTree = "<group>"; };
		E258D8D927EC45BC0084C743 /* EditProfileTextFieldCell.swift */ = {isa = PBXFileReference; lastKnownFileType = sourcecode.swift; path = EditProfileTextFieldCell.swift; sourceTree = "<group>"; };
		E258D8DA27EC45BC0084C743 /* EditProfileTextFieldCell.xib */ = {isa = PBXFileReference; lastKnownFileType = file.xib; path = EditProfileTextFieldCell.xib; sourceTree = "<group>"; };
		E258D8DF27EC48F60084C743 /* EditProfileSectionType.swift */ = {isa = PBXFileReference; lastKnownFileType = sourcecode.swift; path = EditProfileSectionType.swift; sourceTree = "<group>"; };
		E258D8E127EC490A0084C743 /* EditProfileHeaderType.swift */ = {isa = PBXFileReference; lastKnownFileType = sourcecode.swift; path = EditProfileHeaderType.swift; sourceTree = "<group>"; };
		E258D8E327EC49170084C743 /* EditProfileTextType.swift */ = {isa = PBXFileReference; lastKnownFileType = sourcecode.swift; path = EditProfileTextType.swift; sourceTree = "<group>"; };
		E25A152C27E8567900AD4E12 /* FCollectionReference.swift */ = {isa = PBXFileReference; lastKnownFileType = sourcecode.swift; path = FCollectionReference.swift; sourceTree = "<group>"; };
		E25A152F27E8578100AD4E12 /* FirebaseUserListener.swift */ = {isa = PBXFileReference; lastKnownFileType = sourcecode.swift; path = FirebaseUserListener.swift; sourceTree = "<group>"; };
		E264981227E4C669009D28B3 /* WannaChat.app */ = {isa = PBXFileReference; explicitFileType = wrapper.application; includeInIndex = 0; path = WannaChat.app; sourceTree = BUILT_PRODUCTS_DIR; };
		E264981527E4C669009D28B3 /* AppDelegate.swift */ = {isa = PBXFileReference; lastKnownFileType = sourcecode.swift; path = AppDelegate.swift; sourceTree = "<group>"; };
		E264981727E4C669009D28B3 /* SceneDelegate.swift */ = {isa = PBXFileReference; lastKnownFileType = sourcecode.swift; path = SceneDelegate.swift; sourceTree = "<group>"; };
		E264981E27E4C66B009D28B3 /* Assets.xcassets */ = {isa = PBXFileReference; lastKnownFileType = folder.assetcatalog; path = Assets.xcassets; sourceTree = "<group>"; };
		E264982127E4C66B009D28B3 /* Base */ = {isa = PBXFileReference; lastKnownFileType = file.storyboard; name = Base; path = Base.lproj/LaunchScreen.storyboard; sourceTree = "<group>"; };
		E264982327E4C66B009D28B3 /* Info.plist */ = {isa = PBXFileReference; lastKnownFileType = text.plist.xml; path = Info.plist; sourceTree = "<group>"; };
		E264982927E4C9C0009D28B3 /* GoogleService-Info.plist */ = {isa = PBXFileReference; fileEncoding = 4; lastKnownFileType = text.plist.xml; path = "GoogleService-Info.plist"; sourceTree = "<group>"; };
		E264982E27E4D17E009D28B3 /* AuthRouter.swift */ = {isa = PBXFileReference; lastKnownFileType = sourcecode.swift; path = AuthRouter.swift; sourceTree = "<group>"; };
		E264982F27E4D17E009D28B3 /* AuthViewController.swift */ = {isa = PBXFileReference; lastKnownFileType = sourcecode.swift; path = AuthViewController.swift; sourceTree = "<group>"; };
		E264983027E4D17E009D28B3 /* AuthViewModel.swift */ = {isa = PBXFileReference; lastKnownFileType = sourcecode.swift; path = AuthViewModel.swift; sourceTree = "<group>"; };
		E264983127E4D17E009D28B3 /* AuthViewController.xib */ = {isa = PBXFileReference; lastKnownFileType = file.xib; path = AuthViewController.xib; sourceTree = "<group>"; };
		E264983A27E508F6009D28B3 /* User.swift */ = {isa = PBXFileReference; lastKnownFileType = sourcecode.swift; path = User.swift; sourceTree = "<group>"; };
		E264983D27E50C0C009D28B3 /* Constants.swift */ = {isa = PBXFileReference; lastKnownFileType = sourcecode.swift; path = Constants.swift; sourceTree = "<group>"; };
		E2771026285E02700094A1DA /* RecentChat.swift */ = {isa = PBXFileReference; lastKnownFileType = sourcecode.swift; path = RecentChat.swift; sourceTree = "<group>"; };
		E277102B285E07190094A1DA /* ChatCell.swift */ = {isa = PBXFileReference; lastKnownFileType = sourcecode.swift; path = ChatCell.swift; sourceTree = "<group>"; };
		E277102C285E07190094A1DA /* ChatCell.xib */ = {isa = PBXFileReference; lastKnownFileType = file.xib; path = ChatCell.xib; sourceTree = "<group>"; };
		E277102F285E0D210094A1DA /* Date+Ext.swift */ = {isa = PBXFileReference; lastKnownFileType = sourcecode.swift; path = "Date+Ext.swift"; sourceTree = "<group>"; };
		E2771031285E186F0094A1DA /* StartChat.swift */ = {isa = PBXFileReference; lastKnownFileType = sourcecode.swift; path = StartChat.swift; sourceTree = "<group>"; };
		E2771033285E1A830094A1DA /* FirebaseRecentChatListener.swift */ = {isa = PBXFileReference; lastKnownFileType = sourcecode.swift; path = FirebaseRecentChatListener.swift; sourceTree = "<group>"; };
		E2B1C9EA27EB493800148566 /* SettingsSectionType.swift */ = {isa = PBXFileReference; lastKnownFileType = sourcecode.swift; path = SettingsSectionType.swift; sourceTree = "<group>"; };
		E2B1C9EC27EB595D00148566 /* SettingsHeaderType.swift */ = {isa = PBXFileReference; lastKnownFileType = sourcecode.swift; path = SettingsHeaderType.swift; sourceTree = "<group>"; };
		E2B1C9EE27EB596C00148566 /* SettingsButtonType.swift */ = {isa = PBXFileReference; lastKnownFileType = sourcecode.swift; path = SettingsButtonType.swift; sourceTree = "<group>"; };
		E2B1C9F027EB598000148566 /* SettingsTextType.swift */ = {isa = PBXFileReference; lastKnownFileType = sourcecode.swift; path = SettingsTextType.swift; sourceTree = "<group>"; };
		E2B1C9F227EB6D0400148566 /* UIViewController+Ext.swift */ = {isa = PBXFileReference; lastKnownFileType = sourcecode.swift; path = "UIViewController+Ext.swift"; sourceTree = "<group>"; };
		E2B1C9F427EB6E6600148566 /* UIColor+Ext.swift */ = {isa = PBXFileReference; lastKnownFileType = sourcecode.swift; path = "UIColor+Ext.swift"; sourceTree = "<group>"; };
/* End PBXFileReference section */

/* Begin PBXFrameworksBuildPhase section */
		E264980F27E4C669009D28B3 /* Frameworks */ = {
			isa = PBXFrameworksBuildPhase;
			buildActionMask = 2147483647;
			files = (
				E248F91D27EB743E006C0B70 /* Pods_WannaChat.framework in Frameworks */,
			);
			runOnlyForDeploymentPostprocessing = 0;
		};
/* End PBXFrameworksBuildPhase section */

/* Begin PBXGroup section */
		31C6270207FC4CDCA609CF23 /* Frameworks */ = {
			isa = PBXGroup;
			children = (
				63F00507411AAD4ABEDC127F /* Pods_WannaChat.framework */,
			);
			name = Frameworks;
			sourceTree = "<group>";
		};
		E20C30C727F1EFCE00CB7D3B /* Status */ = {
			isa = PBXGroup;
			children = (
				E20C30C827F1EFE000CB7D3B /* StatusRouter.swift */,
				E20C30CA27F1EFE000CB7D3B /* StatusViewModel.swift */,
				E20C30C927F1EFE000CB7D3B /* StatusViewController.swift */,
				E20C30CB27F1EFE000CB7D3B /* StatusViewController.xib */,
			);
			path = Status;
			sourceTree = "<group>";
		};
		E2441A7D27E9E21200A1D34E /* Models */ = {
			isa = PBXGroup;
			children = (
				E2441A7E27E9E22B00A1D34E /* HUDMessageType.swift */,
			);
			path = Models;
			sourceTree = "<group>";
		};
		E2441A8027EA073500A1D34E /* Main */ = {
			isa = PBXGroup;
			children = (
				E2441A8127EA075300A1D34E /* MainRouter.swift */,
				E2441A8327EA075300A1D34E /* MainViewModel.swift */,
				E2441A8227EA075300A1D34E /* MainViewController.swift */,
				E2441A8427EA075300A1D34E /* MainViewController.xib */,
			);
			path = Main;
			sourceTree = "<group>";
		};
		E244ECCE27EAEED3007724C8 /* ChatList */ = {
			isa = PBXGroup;
			children = (
				E2771028285E04FF0094A1DA /* Cells */,
				E244ECD227EAEF25007724C8 /* ChatListRouter.swift */,
				E244ECD427EAEF25007724C8 /* ChatListViewModel.swift */,
				E244ECD327EAEF25007724C8 /* ChatListViewController.swift */,
				E244ECD527EAEF25007724C8 /* ChatListViewController.xib */,
			);
			path = ChatList;
			sourceTree = "<group>";
		};
		E244ECCF27EAEEDA007724C8 /* ChannelList */ = {
			isa = PBXGroup;
			children = (
				E244ECDA27EAEF40007724C8 /* ChannelListRouter.swift */,
				E244ECDC27EAEF40007724C8 /* ChannelListViewModel.swift */,
				E244ECDB27EAEF40007724C8 /* ChannelListViewController.swift */,
				E244ECDD27EAEF40007724C8 /* ChannelListViewController.xib */,
			);
			path = ChannelList;
			sourceTree = "<group>";
		};
		E244ECD027EAEEFB007724C8 /* UserList */ = {
			isa = PBXGroup;
			children = (
				E244ECE227EAEF4D007724C8 /* UserListRouter.swift */,
				E244ECE427EAEF4D007724C8 /* UserListViewModel.swift */,
				E244ECE327EAEF4D007724C8 /* UserListViewController.swift */,
				E244ECE527EAEF4D007724C8 /* UserListViewController.xib */,
			);
			path = UserList;
			sourceTree = "<group>";
		};
		E244ECD127EAEF03007724C8 /* Settings */ = {
			isa = PBXGroup;
			children = (
				E2B1C9E927EB491E00148566 /* Models */,
				E244ECFC27EB3C0E007724C8 /* Cells */,
				E244ECEA27EAEF5B007724C8 /* SettingsRouter.swift */,
				E244ECEC27EAEF5B007724C8 /* SettingsViewModel.swift */,
				E244ECEB27EAEF5B007724C8 /* SettingsViewController.swift */,
				E244ECED27EAEF5B007724C8 /* SettingsViewController.xib */,
			);
			path = Settings;
			sourceTree = "<group>";
		};
		E244ECFC27EB3C0E007724C8 /* Cells */ = {
			isa = PBXGroup;
			children = (
				E244ED1227EB4734007724C8 /* HeaderCell */,
				E244ED1127EB4729007724C8 /* ButtonCell */,
				E244ED1027EB4722007724C8 /* TextCell */,
				E244ED1327EB473C007724C8 /* LogOutCell */,
			);
			path = Cells;
			sourceTree = "<group>";
		};
		E244ED0927EB44B6007724C8 /* Extensions */ = {
			isa = PBXGroup;
			children = (
				E277102F285E0D210094A1DA /* Date+Ext.swift */,
				E239E7EE27ECDEB500D13428 /* String+Ext.swift */,
				E248F92027EBA3F9006C0B70 /* UIApplication+Ext.swift */,
				E2B1C9F427EB6E6600148566 /* UIColor+Ext.swift */,
				E20C30C327F1EA8200CB7D3B /* UIImage+Ext.swift */,
				E244ED0A27EB44C3007724C8 /* UIView+Ext.swift */,
				E2B1C9F227EB6D0400148566 /* UIViewController+Ext.swift */,
			);
			path = Extensions;
			sourceTree = "<group>";
		};
		E244ED1027EB4722007724C8 /* TextCell */ = {
			isa = PBXGroup;
			children = (
				E244ED0C27EB46B1007724C8 /* SettingsTextCell.swift */,
				E244ED0D27EB46B1007724C8 /* SettingsTextCell.xib */,
			);
			path = TextCell;
			sourceTree = "<group>";
		};
		E244ED1127EB4729007724C8 /* ButtonCell */ = {
			isa = PBXGroup;
			children = (
				E244ED0127EB41DA007724C8 /* SettingsButtonCell.swift */,
				E244ED0227EB41DA007724C8 /* SettingsButtonCell.xib */,
			);
			path = ButtonCell;
			sourceTree = "<group>";
		};
		E244ED1227EB4734007724C8 /* HeaderCell */ = {
			isa = PBXGroup;
			children = (
				E244ECFD27EB3CD1007724C8 /* SettingsHeaderCell.swift */,
				E244ECFE27EB3CD1007724C8 /* SettingsHeaderCell.xib */,
			);
			path = HeaderCell;
			sourceTree = "<group>";
		};
		E244ED1327EB473C007724C8 /* LogOutCell */ = {
			isa = PBXGroup;
			children = (
				E244ED0527EB41F0007724C8 /* SettingsLogOutCell.swift */,
				E244ED0627EB41F0007724C8 /* SettingsLogOutCell.xib */,
			);
			path = LogOutCell;
			sourceTree = "<group>";
		};
		E248F92227EBA5CC006C0B70 /* EditProfile */ = {
			isa = PBXGroup;
			children = (
				E258D8DE27EC48D30084C743 /* Models */,
				E248F92B27EBA849006C0B70 /* Cells */,
				E248F92327EBA5E0006C0B70 /* EditProfileRouter.swift */,
				E248F92527EBA5E0006C0B70 /* EditProfileViewModel.swift */,
				E248F92427EBA5E0006C0B70 /* EditProfileViewController.swift */,
				E248F92627EBA5E0006C0B70 /* EditProfileViewController.xib */,
			);
			path = EditProfile;
			sourceTree = "<group>";
		};
		E248F92B27EBA849006C0B70 /* Cells */ = {
			isa = PBXGroup;
			children = (
				E248F92C27EBA853006C0B70 /* HeaderCell */,
				E258D8DD27EC45C50084C743 /* TextFieldCell */,
			);
			path = Cells;
			sourceTree = "<group>";
		};
		E248F92C27EBA853006C0B70 /* HeaderCell */ = {
			isa = PBXGroup;
			children = (
				E248F92D27EBA869006C0B70 /* EditProfileHeaderCell.swift */,
				E248F92E27EBA869006C0B70 /* EditProfileHeaderCell.xib */,
			);
			path = HeaderCell;
			sourceTree = "<group>";
		};
		E24B15A527F45EF900CD351D /* Profile */ = {
			isa = PBXGroup;
			children = (
				E24B15B327F4689200CD351D /* Models */,
				E24B15AE27F461CE00CD351D /* Cells */,
				E24B15A627F45F0C00CD351D /* ProfileRouter.swift */,
				E24B15A827F45F0C00CD351D /* ProfileViewModel.swift */,
				E24B15A727F45F0C00CD351D /* ProfileViewController.swift */,
				E24B15A927F45F0C00CD351D /* ProfileViewController.xib */,
			);
			path = Profile;
			sourceTree = "<group>";
		};
		E24B15AE27F461CE00CD351D /* Cells */ = {
			isa = PBXGroup;
			children = (
				E24B15AF27F461F100CD351D /* ProfileHeaderCell.swift */,
				E24B15B027F461F100CD351D /* ProfileHeaderCell.xib */,
			);
			path = Cells;
			sourceTree = "<group>";
		};
		E24B15B327F4689200CD351D /* Models */ = {
			isa = PBXGroup;
			children = (
				E24B15B427F468AF00CD351D /* ProfileSectionType.swift */,
				E24B15B627F468CE00CD351D /* ProfileHeaderType.swift */,
				E24B15B827F469E400CD351D /* ProfileTextType.swift */,
			);
			path = Models;
			sourceTree = "<group>";
		};
		E258D8DD27EC45C50084C743 /* TextFieldCell */ = {
			isa = PBXGroup;
			children = (
				E258D8D927EC45BC0084C743 /* EditProfileTextFieldCell.swift */,
				E258D8DA27EC45BC0084C743 /* EditProfileTextFieldCell.xib */,
			);
			path = TextFieldCell;
			sourceTree = "<group>";
		};
		E258D8DE27EC48D30084C743 /* Models */ = {
			isa = PBXGroup;
			children = (
				E258D8DF27EC48F60084C743 /* EditProfileSectionType.swift */,
				E258D8E127EC490A0084C743 /* EditProfileHeaderType.swift */,
				E258D8E327EC49170084C743 /* EditProfileTextType.swift */,
			);
			path = Models;
			sourceTree = "<group>";
		};
		E25A152E27E8572A00AD4E12 /* FirebaseHelpers */ = {
			isa = PBXGroup;
			children = (
				E25A152C27E8567900AD4E12 /* FCollectionReference.swift */,
				E239E7EC27ECC1F300D13428 /* FileStorage.swift */,
				E2771033285E1A830094A1DA /* FirebaseRecentChatListener.swift */,
				E25A152F27E8578100AD4E12 /* FirebaseUserListener.swift */,
			);
			path = FirebaseHelpers;
			sourceTree = "<group>";
		};
		E264980927E4C669009D28B3 = {
			isa = PBXGroup;
			children = (
				E264981427E4C669009D28B3 /* WannaChat */,
				E264981327E4C669009D28B3 /* Products */,
				F6C83C80D2171A8BD334D1FD /* Pods */,
				31C6270207FC4CDCA609CF23 /* Frameworks */,
			);
			sourceTree = "<group>";
		};
		E264981327E4C669009D28B3 /* Products */ = {
			isa = PBXGroup;
			children = (
				E264981227E4C669009D28B3 /* WannaChat.app */,
			);
			name = Products;
			sourceTree = "<group>";
		};
		E264981427E4C669009D28B3 /* WannaChat */ = {
			isa = PBXGroup;
			children = (
				E264983627E4DB99009D28B3 /* App */,
				E264982B27E4D14F009D28B3 /* Source */,
				E264983727E4DBA8009D28B3 /* Resource */,
				E264982327E4C66B009D28B3 /* Info.plist */,
				E264982927E4C9C0009D28B3 /* GoogleService-Info.plist */,
			);
			path = WannaChat;
			sourceTree = "<group>";
		};
		E264982B27E4D14F009D28B3 /* Source */ = {
			isa = PBXGroup;
			children = (
				E244ED0927EB44B6007724C8 /* Extensions */,
				E264983C27E50BFD009D28B3 /* Utils */,
				E264983827E508C1009D28B3 /* Common */,
				E264982C27E4D155009D28B3 /* User Interface */,
			);
			path = Source;
			sourceTree = "<group>";
		};
		E264982C27E4D155009D28B3 /* User Interface */ = {
			isa = PBXGroup;
			children = (
				E24B15A527F45EF900CD351D /* Profile */,
				E20C30C727F1EFCE00CB7D3B /* Status */,
				E248F92227EBA5CC006C0B70 /* EditProfile */,
				E244ECD127EAEF03007724C8 /* Settings */,
				E244ECD027EAEEFB007724C8 /* UserList */,
				E244ECCF27EAEEDA007724C8 /* ChannelList */,
				E244ECCE27EAEED3007724C8 /* ChatList */,
				E2441A8027EA073500A1D34E /* Main */,
				E264982D27E4D15D009D28B3 /* Authentication */,
			);
			path = "User Interface";
			sourceTree = "<group>";
		};
		E264982D27E4D15D009D28B3 /* Authentication */ = {
			isa = PBXGroup;
			children = (
				E2441A7D27E9E21200A1D34E /* Models */,
				E264982E27E4D17E009D28B3 /* AuthRouter.swift */,
				E264983027E4D17E009D28B3 /* AuthViewModel.swift */,
				E264982F27E4D17E009D28B3 /* AuthViewController.swift */,
				E264983127E4D17E009D28B3 /* AuthViewController.xib */,
			);
			path = Authentication;
			sourceTree = "<group>";
		};
		E264983627E4DB99009D28B3 /* App */ = {
			isa = PBXGroup;
			children = (
				E264981527E4C669009D28B3 /* AppDelegate.swift */,
				E264981727E4C669009D28B3 /* SceneDelegate.swift */,
			);
			path = App;
			sourceTree = "<group>";
		};
		E264983727E4DBA8009D28B3 /* Resource */ = {
			isa = PBXGroup;
			children = (
				E264981E27E4C66B009D28B3 /* Assets.xcassets */,
				E264982027E4C66B009D28B3 /* LaunchScreen.storyboard */,
			);
			path = Resource;
			sourceTree = "<group>";
		};
		E264983827E508C1009D28B3 /* Common */ = {
			isa = PBXGroup;
			children = (
				E25A152E27E8572A00AD4E12 /* FirebaseHelpers */,
				E264983927E508E2009D28B3 /* Models */,
			);
			path = Common;
			sourceTree = "<group>";
		};
		E264983927E508E2009D28B3 /* Models */ = {
			isa = PBXGroup;
			children = (
				E264983A27E508F6009D28B3 /* User.swift */,
				E20C30C527F1EE1400CB7D3B /* Status.swift */,
				E2771026285E02700094A1DA /* RecentChat.swift */,
			);
			path = Models;
			sourceTree = "<group>";
		};
		E264983C27E50BFD009D28B3 /* Utils */ = {
			isa = PBXGroup;
			children = (
				E264983D27E50C0C009D28B3 /* Constants.swift */,
				E2771031285E186F0094A1DA /* StartChat.swift */,
			);
			path = Utils;
			sourceTree = "<group>";
		};
		E2771028285E04FF0094A1DA /* Cells */ = {
			isa = PBXGroup;
			children = (
				E277102B285E07190094A1DA /* ChatCell.swift */,
				E277102C285E07190094A1DA /* ChatCell.xib */,
			);
			path = Cells;
			sourceTree = "<group>";
		};
		E2B1C9E927EB491E00148566 /* Models */ = {
			isa = PBXGroup;
			children = (
				E2B1C9EA27EB493800148566 /* SettingsSectionType.swift */,
				E2B1C9EC27EB595D00148566 /* SettingsHeaderType.swift */,
				E2B1C9EE27EB596C00148566 /* SettingsButtonType.swift */,
				E2B1C9F027EB598000148566 /* SettingsTextType.swift */,
			);
			path = Models;
			sourceTree = "<group>";
		};
		F6C83C80D2171A8BD334D1FD /* Pods */ = {
			isa = PBXGroup;
			children = (
				428D9C8BC3FE1A61C33652E0 /* Pods-WannaChat.debug.xcconfig */,
				C306481ABB92B4E6508F5ED2 /* Pods-WannaChat.release.xcconfig */,
			);
			path = Pods;
			sourceTree = "<group>";
		};
/* End PBXGroup section */

/* Begin PBXNativeTarget section */
		E264981127E4C669009D28B3 /* WannaChat */ = {
			isa = PBXNativeTarget;
			buildConfigurationList = E264982627E4C66B009D28B3 /* Build configuration list for PBXNativeTarget "WannaChat" */;
			buildPhases = (
				1AC48E51101CEE1AEC349601 /* [CP] Check Pods Manifest.lock */,
				E264980E27E4C669009D28B3 /* Sources */,
				E264980F27E4C669009D28B3 /* Frameworks */,
				E264981027E4C669009D28B3 /* Resources */,
				496DDC96DCAA1F89657D6367 /* [CP] Embed Pods Frameworks */,
			);
			buildRules = (
			);
			dependencies = (
			);
			name = WannaChat;
			productName = WannaChat;
			productReference = E264981227E4C669009D28B3 /* WannaChat.app */;
			productType = "com.apple.product-type.application";
		};
/* End PBXNativeTarget section */

/* Begin PBXProject section */
		E264980A27E4C669009D28B3 /* Project object */ = {
			isa = PBXProject;
			attributes = {
				BuildIndependentTargetsInParallel = 1;
				LastSwiftUpdateCheck = 1320;
				LastUpgradeCheck = 1320;
				TargetAttributes = {
					E264981127E4C669009D28B3 = {
						CreatedOnToolsVersion = 13.2.1;
					};
				};
			};
			buildConfigurationList = E264980D27E4C669009D28B3 /* Build configuration list for PBXProject "WannaChat" */;
			compatibilityVersion = "Xcode 13.0";
			developmentRegion = en;
			hasScannedForEncodings = 0;
			knownRegions = (
				en,
				Base,
			);
			mainGroup = E264980927E4C669009D28B3;
			productRefGroup = E264981327E4C669009D28B3 /* Products */;
			projectDirPath = "";
			projectRoot = "";
			targets = (
				E264981127E4C669009D28B3 /* WannaChat */,
			);
		};
/* End PBXProject section */

/* Begin PBXResourcesBuildPhase section */
		E264981027E4C669009D28B3 /* Resources */ = {
			isa = PBXResourcesBuildPhase;
			buildActionMask = 2147483647;
			files = (
				E24B15AD27F45F0C00CD351D /* ProfileViewController.xib in Resources */,
				E264982227E4C66B009D28B3 /* LaunchScreen.storyboard in Resources */,
				E244ECF127EAEF5B007724C8 /* SettingsViewController.xib in Resources */,
				E264982A27E4C9C1009D28B3 /* GoogleService-Info.plist in Resources */,
				E20C30CF27F1EFE000CB7D3B /* StatusViewController.xib in Resources */,
				E24B15B227F461F100CD351D /* ProfileHeaderCell.xib in Resources */,
				E244ED0027EB3CD1007724C8 /* SettingsHeaderCell.xib in Resources */,
				E244ECD927EAEF25007724C8 /* ChatListViewController.xib in Resources */,
				E244ED0F27EB46B2007724C8 /* SettingsTextCell.xib in Resources */,
				E2441A8827EA075300A1D34E /* MainViewController.xib in Resources */,
				E248F93027EBA869006C0B70 /* EditProfileHeaderCell.xib in Resources */,
				E244ED0827EB41F0007724C8 /* SettingsLogOutCell.xib in Resources */,
				E244ED0427EB41DB007724C8 /* SettingsButtonCell.xib in Resources */,
				E264983527E4D17F009D28B3 /* AuthViewController.xib in Resources */,
				E248F92A27EBA5E0006C0B70 /* EditProfileViewController.xib in Resources */,
				E244ECE927EAEF4D007724C8 /* UserListViewController.xib in Resources */,
				E258D8DC27EC45BC0084C743 /* EditProfileTextFieldCell.xib in Resources */,
				E277102E285E07190094A1DA /* ChatCell.xib in Resources */,
				E264981F27E4C66B009D28B3 /* Assets.xcassets in Resources */,
				E244ECE127EAEF40007724C8 /* ChannelListViewController.xib in Resources */,
			);
			runOnlyForDeploymentPostprocessing = 0;
		};
/* End PBXResourcesBuildPhase section */

/* Begin PBXShellScriptBuildPhase section */
		1AC48E51101CEE1AEC349601 /* [CP] Check Pods Manifest.lock */ = {
			isa = PBXShellScriptBuildPhase;
			buildActionMask = 2147483647;
			files = (
			);
			inputFileListPaths = (
			);
			inputPaths = (
				"${PODS_PODFILE_DIR_PATH}/Podfile.lock",
				"${PODS_ROOT}/Manifest.lock",
			);
			name = "[CP] Check Pods Manifest.lock";
			outputFileListPaths = (
			);
			outputPaths = (
				"$(DERIVED_FILE_DIR)/Pods-WannaChat-checkManifestLockResult.txt",
			);
			runOnlyForDeploymentPostprocessing = 0;
			shellPath = /bin/sh;
			shellScript = "diff \"${PODS_PODFILE_DIR_PATH}/Podfile.lock\" \"${PODS_ROOT}/Manifest.lock\" > /dev/null\nif [ $? != 0 ] ; then\n    # print error to STDERR\n    echo \"error: The sandbox is not in sync with the Podfile.lock. Run 'pod install' or update your CocoaPods installation.\" >&2\n    exit 1\nfi\n# This output is used by Xcode 'outputs' to avoid re-running this script phase.\necho \"SUCCESS\" > \"${SCRIPT_OUTPUT_FILE_0}\"\n";
			showEnvVarsInLog = 0;
		};
		496DDC96DCAA1F89657D6367 /* [CP] Embed Pods Frameworks */ = {
			isa = PBXShellScriptBuildPhase;
			buildActionMask = 2147483647;
			files = (
			);
			inputFileListPaths = (
				"${PODS_ROOT}/Target Support Files/Pods-WannaChat/Pods-WannaChat-frameworks-${CONFIGURATION}-input-files.xcfilelist",
			);
			name = "[CP] Embed Pods Frameworks";
			outputFileListPaths = (
				"${PODS_ROOT}/Target Support Files/Pods-WannaChat/Pods-WannaChat-frameworks-${CONFIGURATION}-output-files.xcfilelist",
			);
			runOnlyForDeploymentPostprocessing = 0;
			shellPath = /bin/sh;
			shellScript = "\"${PODS_ROOT}/Target Support Files/Pods-WannaChat/Pods-WannaChat-frameworks.sh\"\n";
			showEnvVarsInLog = 0;
		};
/* End PBXShellScriptBuildPhase section */

/* Begin PBXSourcesBuildPhase section */
		E264980E27E4C669009D28B3 /* Sources */ = {
			isa = PBXSourcesBuildPhase;
			buildActionMask = 2147483647;
			files = (
				E2771027285E02700094A1DA /* RecentChat.swift in Sources */,
				E20C30CE27F1EFE000CB7D3B /* StatusViewModel.swift in Sources */,
				E264981627E4C669009D28B3 /* AppDelegate.swift in Sources */,
				E258D8DB27EC45BC0084C743 /* EditProfileTextFieldCell.swift in Sources */,
				E239E7EF27ECDEB500D13428 /* String+Ext.swift in Sources */,
				E244ECE827EAEF4D007724C8 /* UserListViewModel.swift in Sources */,
				E2771034285E1A830094A1DA /* FirebaseRecentChatListener.swift in Sources */,
				E20C30CC27F1EFE000CB7D3B /* StatusRouter.swift in Sources */,
				E24B15AB27F45F0C00CD351D /* ProfileViewController.swift in Sources */,
				E2B1C9F327EB6D0400148566 /* UIViewController+Ext.swift in Sources */,
				E264983427E4D17F009D28B3 /* AuthViewModel.swift in Sources */,
				E244ED0327EB41DB007724C8 /* SettingsButtonCell.swift in Sources */,
				E264983B27E508F6009D28B3 /* User.swift in Sources */,
				E258D8E427EC49170084C743 /* EditProfileTextType.swift in Sources */,
				E20C30C627F1EE1400CB7D3B /* Status.swift in Sources */,
				E20C30C427F1EA8200CB7D3B /* UIImage+Ext.swift in Sources */,
				E2441A8627EA075300A1D34E /* MainViewController.swift in Sources */,
				E258D8E227EC490A0084C743 /* EditProfileHeaderType.swift in Sources */,
				E24B15B527F468AF00CD351D /* ProfileSectionType.swift in Sources */,
				E2441A7F27E9E22B00A1D34E /* HUDMessageType.swift in Sources */,
				E239E7ED27ECC1F300D13428 /* FileStorage.swift in Sources */,
				E2441A8727EA075300A1D34E /* MainViewModel.swift in Sources */,
				E244ECDF27EAEF40007724C8 /* ChannelListViewController.swift in Sources */,
				E25A153027E8578100AD4E12 /* FirebaseUserListener.swift in Sources */,
				E264983327E4D17F009D28B3 /* AuthViewController.swift in Sources */,
				E244ECF027EAEF5B007724C8 /* SettingsViewModel.swift in Sources */,
				E24B15B727F468CE00CD351D /* ProfileHeaderType.swift in Sources */,
				E244ECFF27EB3CD1007724C8 /* SettingsHeaderCell.swift in Sources */,
				E248F92727EBA5E0006C0B70 /* EditProfileRouter.swift in Sources */,
				E244ECD627EAEF25007724C8 /* ChatListRouter.swift in Sources */,
				E248F92127EBA3F9006C0B70 /* UIApplication+Ext.swift in Sources */,
				E2B1C9EF27EB596C00148566 /* SettingsButtonType.swift in Sources */,
				E244ED0727EB41F0007724C8 /* SettingsLogOutCell.swift in Sources */,
				E24B15AC27F45F0C00CD351D /* ProfileViewModel.swift in Sources */,
				E2771030285E0D210094A1DA /* Date+Ext.swift in Sources */,
				E2B1C9ED27EB595D00148566 /* SettingsHeaderType.swift in Sources */,
				E244ED0B27EB44C3007724C8 /* UIView+Ext.swift in Sources */,
				E244ECD727EAEF25007724C8 /* ChatListViewController.swift in Sources */,
				E24B15AA27F45F0C00CD351D /* ProfileRouter.swift in Sources */,
				E248F92F27EBA869006C0B70 /* EditProfileHeaderCell.swift in Sources */,
				E244ECDE27EAEF40007724C8 /* ChannelListRouter.swift in Sources */,
				E244ECD827EAEF25007724C8 /* ChatListViewModel.swift in Sources */,
				E244ECE027EAEF40007724C8 /* ChannelListViewModel.swift in Sources */,
				E24B15B927F469E400CD351D /* ProfileTextType.swift in Sources */,
				E244ECE727EAEF4D007724C8 /* UserListViewController.swift in Sources */,
				E248F92827EBA5E0006C0B70 /* EditProfileViewController.swift in Sources */,
				E264983E27E50C0C009D28B3 /* Constants.swift in Sources */,
				E277102D285E07190094A1DA /* ChatCell.swift in Sources */,
				E2B1C9EB27EB493800148566 /* SettingsSectionType.swift in Sources */,
				E264983227E4D17F009D28B3 /* AuthRouter.swift in Sources */,
				E2771032285E186F0094A1DA /* StartChat.swift in Sources */,
				E25A152D27E8567900AD4E12 /* FCollectionReference.swift in Sources */,
				E24B15B127F461F100CD351D /* ProfileHeaderCell.swift in Sources */,
				E2441A8527EA075300A1D34E /* MainRouter.swift in Sources */,
				E258D8E027EC48F60084C743 /* EditProfileSectionType.swift in Sources */,
				E248F92927EBA5E0006C0B70 /* EditProfileViewModel.swift in Sources */,
				E20C30CD27F1EFE000CB7D3B /* StatusViewController.swift in Sources */,
				E264981827E4C669009D28B3 /* SceneDelegate.swift in Sources */,
				E244ECEE27EAEF5B007724C8 /* SettingsRouter.swift in Sources */,
				E244ECE627EAEF4D007724C8 /* UserListRouter.swift in Sources */,
				E244ECEF27EAEF5B007724C8 /* SettingsViewController.swift in Sources */,
				E2B1C9F527EB6E6600148566 /* UIColor+Ext.swift in Sources */,
				E244ED0E27EB46B1007724C8 /* SettingsTextCell.swift in Sources */,
				E2B1C9F127EB598000148566 /* SettingsTextType.swift in Sources */,
			);
			runOnlyForDeploymentPostprocessing = 0;
		};
/* End PBXSourcesBuildPhase section */

/* Begin PBXVariantGroup section */
		E264982027E4C66B009D28B3 /* LaunchScreen.storyboard */ = {
			isa = PBXVariantGroup;
			children = (
				E264982127E4C66B009D28B3 /* Base */,
			);
			name = LaunchScreen.storyboard;
			sourceTree = "<group>";
		};
/* End PBXVariantGroup section */

/* Begin XCBuildConfiguration section */
		E264982427E4C66B009D28B3 /* Debug */ = {
			isa = XCBuildConfiguration;
			buildSettings = {
				ALWAYS_SEARCH_USER_PATHS = NO;
				CLANG_ANALYZER_NONNULL = YES;
				CLANG_ANALYZER_NUMBER_OBJECT_CONVERSION = YES_AGGRESSIVE;
				CLANG_CXX_LANGUAGE_STANDARD = "gnu++17";
				CLANG_CXX_LIBRARY = "libc++";
				CLANG_ENABLE_MODULES = YES;
				CLANG_ENABLE_OBJC_ARC = YES;
				CLANG_ENABLE_OBJC_WEAK = YES;
				CLANG_WARN_BLOCK_CAPTURE_AUTORELEASING = YES;
				CLANG_WARN_BOOL_CONVERSION = YES;
				CLANG_WARN_COMMA = YES;
				CLANG_WARN_CONSTANT_CONVERSION = YES;
				CLANG_WARN_DEPRECATED_OBJC_IMPLEMENTATIONS = YES;
				CLANG_WARN_DIRECT_OBJC_ISA_USAGE = YES_ERROR;
				CLANG_WARN_DOCUMENTATION_COMMENTS = YES;
				CLANG_WARN_EMPTY_BODY = YES;
				CLANG_WARN_ENUM_CONVERSION = YES;
				CLANG_WARN_INFINITE_RECURSION = YES;
				CLANG_WARN_INT_CONVERSION = YES;
				CLANG_WARN_NON_LITERAL_NULL_CONVERSION = YES;
				CLANG_WARN_OBJC_IMPLICIT_RETAIN_SELF = YES;
				CLANG_WARN_OBJC_LITERAL_CONVERSION = YES;
				CLANG_WARN_OBJC_ROOT_CLASS = YES_ERROR;
				CLANG_WARN_QUOTED_INCLUDE_IN_FRAMEWORK_HEADER = YES;
				CLANG_WARN_RANGE_LOOP_ANALYSIS = YES;
				CLANG_WARN_STRICT_PROTOTYPES = YES;
				CLANG_WARN_SUSPICIOUS_MOVE = YES;
				CLANG_WARN_UNGUARDED_AVAILABILITY = YES_AGGRESSIVE;
				CLANG_WARN_UNREACHABLE_CODE = YES;
				CLANG_WARN__DUPLICATE_METHOD_MATCH = YES;
				COPY_PHASE_STRIP = NO;
				DEBUG_INFORMATION_FORMAT = dwarf;
				ENABLE_STRICT_OBJC_MSGSEND = YES;
				ENABLE_TESTABILITY = YES;
				GCC_C_LANGUAGE_STANDARD = gnu11;
				GCC_DYNAMIC_NO_PIC = NO;
				GCC_NO_COMMON_BLOCKS = YES;
				GCC_OPTIMIZATION_LEVEL = 0;
				GCC_PREPROCESSOR_DEFINITIONS = (
					"DEBUG=1",
					"$(inherited)",
				);
				GCC_WARN_64_TO_32_BIT_CONVERSION = YES;
				GCC_WARN_ABOUT_RETURN_TYPE = YES_ERROR;
				GCC_WARN_UNDECLARED_SELECTOR = YES;
				GCC_WARN_UNINITIALIZED_AUTOS = YES_AGGRESSIVE;
				GCC_WARN_UNUSED_FUNCTION = YES;
				GCC_WARN_UNUSED_VARIABLE = YES;
				IPHONEOS_DEPLOYMENT_TARGET = 14.0;
				MTL_ENABLE_DEBUG_INFO = INCLUDE_SOURCE;
				MTL_FAST_MATH = YES;
				ONLY_ACTIVE_ARCH = YES;
				SDKROOT = iphoneos;
				SWIFT_ACTIVE_COMPILATION_CONDITIONS = DEBUG;
				SWIFT_OPTIMIZATION_LEVEL = "-Onone";
			};
			name = Debug;
		};
		E264982527E4C66B009D28B3 /* Release */ = {
			isa = XCBuildConfiguration;
			buildSettings = {
				ALWAYS_SEARCH_USER_PATHS = NO;
				CLANG_ANALYZER_NONNULL = YES;
				CLANG_ANALYZER_NUMBER_OBJECT_CONVERSION = YES_AGGRESSIVE;
				CLANG_CXX_LANGUAGE_STANDARD = "gnu++17";
				CLANG_CXX_LIBRARY = "libc++";
				CLANG_ENABLE_MODULES = YES;
				CLANG_ENABLE_OBJC_ARC = YES;
				CLANG_ENABLE_OBJC_WEAK = YES;
				CLANG_WARN_BLOCK_CAPTURE_AUTORELEASING = YES;
				CLANG_WARN_BOOL_CONVERSION = YES;
				CLANG_WARN_COMMA = YES;
				CLANG_WARN_CONSTANT_CONVERSION = YES;
				CLANG_WARN_DEPRECATED_OBJC_IMPLEMENTATIONS = YES;
				CLANG_WARN_DIRECT_OBJC_ISA_USAGE = YES_ERROR;
				CLANG_WARN_DOCUMENTATION_COMMENTS = YES;
				CLANG_WARN_EMPTY_BODY = YES;
				CLANG_WARN_ENUM_CONVERSION = YES;
				CLANG_WARN_INFINITE_RECURSION = YES;
				CLANG_WARN_INT_CONVERSION = YES;
				CLANG_WARN_NON_LITERAL_NULL_CONVERSION = YES;
				CLANG_WARN_OBJC_IMPLICIT_RETAIN_SELF = YES;
				CLANG_WARN_OBJC_LITERAL_CONVERSION = YES;
				CLANG_WARN_OBJC_ROOT_CLASS = YES_ERROR;
				CLANG_WARN_QUOTED_INCLUDE_IN_FRAMEWORK_HEADER = YES;
				CLANG_WARN_RANGE_LOOP_ANALYSIS = YES;
				CLANG_WARN_STRICT_PROTOTYPES = YES;
				CLANG_WARN_SUSPICIOUS_MOVE = YES;
				CLANG_WARN_UNGUARDED_AVAILABILITY = YES_AGGRESSIVE;
				CLANG_WARN_UNREACHABLE_CODE = YES;
				CLANG_WARN__DUPLICATE_METHOD_MATCH = YES;
				COPY_PHASE_STRIP = NO;
				DEBUG_INFORMATION_FORMAT = "dwarf-with-dsym";
				ENABLE_NS_ASSERTIONS = NO;
				ENABLE_STRICT_OBJC_MSGSEND = YES;
				GCC_C_LANGUAGE_STANDARD = gnu11;
				GCC_NO_COMMON_BLOCKS = YES;
				GCC_WARN_64_TO_32_BIT_CONVERSION = YES;
				GCC_WARN_ABOUT_RETURN_TYPE = YES_ERROR;
				GCC_WARN_UNDECLARED_SELECTOR = YES;
				GCC_WARN_UNINITIALIZED_AUTOS = YES_AGGRESSIVE;
				GCC_WARN_UNUSED_FUNCTION = YES;
				GCC_WARN_UNUSED_VARIABLE = YES;
				IPHONEOS_DEPLOYMENT_TARGET = 14.0;
				MTL_ENABLE_DEBUG_INFO = NO;
				MTL_FAST_MATH = YES;
				SDKROOT = iphoneos;
				SWIFT_COMPILATION_MODE = wholemodule;
				SWIFT_OPTIMIZATION_LEVEL = "-O";
				VALIDATE_PRODUCT = YES;
			};
			name = Release;
		};
		E264982727E4C66B009D28B3 /* Debug */ = {
			isa = XCBuildConfiguration;
			baseConfigurationReference = 428D9C8BC3FE1A61C33652E0 /* Pods-WannaChat.debug.xcconfig */;
			buildSettings = {
				ASSETCATALOG_COMPILER_APPICON_NAME = AppIcon;
				ASSETCATALOG_COMPILER_GLOBAL_ACCENT_COLOR_NAME = AccentColor;
				CODE_SIGN_STYLE = Automatic;
				CURRENT_PROJECT_VERSION = 1;
				DEVELOPMENT_TEAM = 934NVR3K3Z;
				EXCLUDED_ARCHS = "";
				GENERATE_INFOPLIST_FILE = YES;
				INFOPLIST_FILE = WannaChat/Info.plist;
				INFOPLIST_KEY_UIApplicationSupportsIndirectInputEvents = YES;
				INFOPLIST_KEY_UILaunchStoryboardName = LaunchScreen;
				INFOPLIST_KEY_UISupportedInterfaceOrientations = UIInterfaceOrientationPortrait;
				INFOPLIST_KEY_UISupportedInterfaceOrientations_iPad = "UIInterfaceOrientationPortrait UIInterfaceOrientationPortraitUpsideDown UIInterfaceOrientationLandscapeLeft UIInterfaceOrientationLandscapeRight";
				INFOPLIST_KEY_UISupportedInterfaceOrientations_iPhone = "UIInterfaceOrientationPortrait UIInterfaceOrientationLandscapeLeft UIInterfaceOrientationLandscapeRight";
				LD_RUNPATH_SEARCH_PATHS = (
					"$(inherited)",
					"@executable_path/Frameworks",
				);
				MARKETING_VERSION = 1.0;
				PRODUCT_BUNDLE_IDENTIFIER = com.oscargarrucho.WannaChat;
				PRODUCT_NAME = "$(TARGET_NAME)";
				SWIFT_EMIT_LOC_STRINGS = YES;
				SWIFT_VERSION = 5.0;
				TARGETED_DEVICE_FAMILY = "1,2";
			};
			name = Debug;
		};
		E264982827E4C66B009D28B3 /* Release */ = {
			isa = XCBuildConfiguration;
			baseConfigurationReference = C306481ABB92B4E6508F5ED2 /* Pods-WannaChat.release.xcconfig */;
			buildSettings = {
				ASSETCATALOG_COMPILER_APPICON_NAME = AppIcon;
				ASSETCATALOG_COMPILER_GLOBAL_ACCENT_COLOR_NAME = AccentColor;
				CODE_SIGN_STYLE = Automatic;
				CURRENT_PROJECT_VERSION = 1;
				DEVELOPMENT_TEAM = 934NVR3K3Z;
				EXCLUDED_ARCHS = "";
				GENERATE_INFOPLIST_FILE = YES;
				INFOPLIST_FILE = WannaChat/Info.plist;
				INFOPLIST_KEY_UIApplicationSupportsIndirectInputEvents = YES;
				INFOPLIST_KEY_UILaunchStoryboardName = LaunchScreen;
				INFOPLIST_KEY_UISupportedInterfaceOrientations = UIInterfaceOrientationPortrait;
				INFOPLIST_KEY_UISupportedInterfaceOrientations_iPad = "UIInterfaceOrientationPortrait UIInterfaceOrientationPortraitUpsideDown UIInterfaceOrientationLandscapeLeft UIInterfaceOrientationLandscapeRight";
				INFOPLIST_KEY_UISupportedInterfaceOrientations_iPhone = "UIInterfaceOrientationPortrait UIInterfaceOrientationLandscapeLeft UIInterfaceOrientationLandscapeRight";
				LD_RUNPATH_SEARCH_PATHS = (
					"$(inherited)",
					"@executable_path/Frameworks",
				);
				MARKETING_VERSION = 1.0;
				PRODUCT_BUNDLE_IDENTIFIER = com.oscargarrucho.WannaChat;
				PRODUCT_NAME = "$(TARGET_NAME)";
				SWIFT_EMIT_LOC_STRINGS = YES;
				SWIFT_VERSION = 5.0;
				TARGETED_DEVICE_FAMILY = "1,2";
			};
			name = Release;
		};
/* End XCBuildConfiguration section */

/* Begin XCConfigurationList section */
		E264980D27E4C669009D28B3 /* Build configuration list for PBXProject "WannaChat" */ = {
			isa = XCConfigurationList;
			buildConfigurations = (
				E264982427E4C66B009D28B3 /* Debug */,
				E264982527E4C66B009D28B3 /* Release */,
			);
			defaultConfigurationIsVisible = 0;
			defaultConfigurationName = Release;
		};
		E264982627E4C66B009D28B3 /* Build configuration list for PBXNativeTarget "WannaChat" */ = {
			isa = XCConfigurationList;
			buildConfigurations = (
				E264982727E4C66B009D28B3 /* Debug */,
				E264982827E4C66B009D28B3 /* Release */,
			);
			defaultConfigurationIsVisible = 0;
			defaultConfigurationName = Release;
		};
/* End XCConfigurationList section */
	};
	rootObject = E264980A27E4C669009D28B3 /* Project object */;
}
